
Microsoft Visual Studio Solution File, Format Version 12.00
# Visual Studio Version 17
VisualStudioVersion = 17.0.31903.59
MinimumVisualStudioVersion = 10.0.40219.1
Project("{2150E333-8FDC-42A3-9474-1A3956D46DE8}") = "Docs", "Docs", "{9FA31A0D-03AC-42F3-8240-0C8C224392CE}"
	ProjectSection(SolutionItems) = preProject
		README.md = README.md
	EndProjectSection
EndProject
Project("{F2A71F9B-5D33-465A-A702-920D77279786}") = "XUnitTests", "tests\XUnitTests\XUnitTests.fsproj", "{C2FAA939-2319-4378-9E14-CA9AC44053FF}"
EndProject
Project("{6EC3EE1D-3C4E-46DD-8F32-0CC8E7565705}") = "NUnitTests", "tests\NUnitTests\NUnitTests.fsproj", "{EE745874-8FA2-4214-B03A-C5057D455F53}"
EndProject
Project("{F2A71F9B-5D33-465A-A702-920D77279786}") = "MsTestTests", "tests\MsTestTests\MsTestTests.fsproj", "{E987F754-067E-4ACB-9385-F594CF7E7760}"
EndProject
Project("{FAE04EC0-301F-11D3-BF4B-00C04F79EFBC}") = "CSharpTests", "tests\CSharpTests\CSharpTests.csproj", "{F1CBEB7F-44C9-4D47-A9B7-2AF08FA16438}"
EndProject
Project("{F2A71F9B-5D33-465A-A702-920D77279786}") = "ExpectoTests", "tests\ExpectoTests\ExpectoTests.fsproj", "{39ECFB78-5231-49B3-8FCC-EACF29DA60FC}"
EndProject
Project("{2150E333-8FDC-42A3-9474-1A3956D46DE8}") = "tests", "tests", "{7B3D1ED0-3BCE-486C-8BE6-B1630FAF2380}"
EndProject
Project("{F2A71F9B-5D33-465A-A702-920D77279786}") = "TestBridge.Expecto.Tests", "tests\TestBridge.Expecto.Tests\TestBridge.Expecto.Tests.fsproj", "{3A33EB0E-94FC-48D3-8391-0590B1A644C6}"
EndProject
Project("{F2A71F9B-5D33-465A-A702-920D77279786}") = "TestBridge.MSTest.Tests", "tests\TestBridge.MSTest.Tests\TestBridge.MSTest.Tests.fsproj", "{CF1D7A3C-E497-43D4-9DA5-A01B9621D133}"
EndProject
Project("{F2A71F9B-5D33-465A-A702-920D77279786}") = "TestBridge.NUnit.Tests", "tests\TestBridge.NUnit.Tests\TestBridge.NUnit.Tests.fsproj", "{8E24A9EF-BB41-4B77-80E8-3397F1D395C3}"
EndProject
Project("{F2A71F9B-5D33-465A-A702-920D77279786}") = "TestBridge.xUnit.Tests", "tests\TestBridge.xUnit.Tests\TestBridge.xUnit.Tests.fsproj", "{3241A558-94C1-4682-9460-07775D2D2CE5}"
EndProject
Global
	GlobalSection(SolutionConfigurationPlatforms) = preSolution
		Debug|Any CPU = Debug|Any CPU
		Release|Any CPU = Release|Any CPU
	EndGlobalSection
	GlobalSection(ProjectConfigurationPlatforms) = postSolution
		{C2FAA939-2319-4378-9E14-CA9AC44053FF}.Debug|Any CPU.ActiveCfg = Debug|Any CPU
		{C2FAA939-2319-4378-9E14-CA9AC44053FF}.Debug|Any CPU.Build.0 = Debug|Any CPU
		{C2FAA939-2319-4378-9E14-CA9AC44053FF}.Release|Any CPU.ActiveCfg = Release|Any CPU
		{C2FAA939-2319-4378-9E14-CA9AC44053FF}.Release|Any CPU.Build.0 = Release|Any CPU
		{EE745874-8FA2-4214-B03A-C5057D455F53}.Debug|Any CPU.ActiveCfg = Debug|Any CPU
		{EE745874-8FA2-4214-B03A-C5057D455F53}.Debug|Any CPU.Build.0 = Debug|Any CPU
		{EE745874-8FA2-4214-B03A-C5057D455F53}.Release|Any CPU.ActiveCfg = Release|Any CPU
		{EE745874-8FA2-4214-B03A-C5057D455F53}.Release|Any CPU.Build.0 = Release|Any CPU
		{E987F754-067E-4ACB-9385-F594CF7E7760}.Debug|Any CPU.ActiveCfg = Debug|Any CPU
		{E987F754-067E-4ACB-9385-F594CF7E7760}.Debug|Any CPU.Build.0 = Debug|Any CPU
		{E987F754-067E-4ACB-9385-F594CF7E7760}.Release|Any CPU.ActiveCfg = Release|Any CPU
		{E987F754-067E-4ACB-9385-F594CF7E7760}.Release|Any CPU.Build.0 = Release|Any CPU
		{F1CBEB7F-44C9-4D47-A9B7-2AF08FA16438}.Debug|Any CPU.ActiveCfg = Debug|Any CPU
		{F1CBEB7F-44C9-4D47-A9B7-2AF08FA16438}.Debug|Any CPU.Build.0 = Debug|Any CPU
		{F1CBEB7F-44C9-4D47-A9B7-2AF08FA16438}.Release|Any CPU.ActiveCfg = Release|Any CPU
		{F1CBEB7F-44C9-4D47-A9B7-2AF08FA16438}.Release|Any CPU.Build.0 = Release|Any CPU
		{39ECFB78-5231-49B3-8FCC-EACF29DA60FC}.Debug|Any CPU.ActiveCfg = Debug|Any CPU
		{39ECFB78-5231-49B3-8FCC-EACF29DA60FC}.Debug|Any CPU.Build.0 = Debug|Any CPU
		{39ECFB78-5231-49B3-8FCC-EACF29DA60FC}.Release|Any CPU.ActiveCfg = Release|Any CPU
		{39ECFB78-5231-49B3-8FCC-EACF29DA60FC}.Release|Any CPU.Build.0 = Release|Any CPU
		{3A33EB0E-94FC-48D3-8391-0590B1A644C6}.Debug|Any CPU.ActiveCfg = Debug|Any CPU
		{3A33EB0E-94FC-48D3-8391-0590B1A644C6}.Debug|Any CPU.Build.0 = Debug|Any CPU
		{3A33EB0E-94FC-48D3-8391-0590B1A644C6}.Release|Any CPU.ActiveCfg = Release|Any CPU
		{3A33EB0E-94FC-48D3-8391-0590B1A644C6}.Release|Any CPU.Build.0 = Release|Any CPU
		{CF1D7A3C-E497-43D4-9DA5-A01B9621D133}.Debug|Any CPU.ActiveCfg = Debug|Any CPU
		{CF1D7A3C-E497-43D4-9DA5-A01B9621D133}.Debug|Any CPU.Build.0 = Debug|Any CPU
		{CF1D7A3C-E497-43D4-9DA5-A01B9621D133}.Release|Any CPU.ActiveCfg = Release|Any CPU
		{CF1D7A3C-E497-43D4-9DA5-A01B9621D133}.Release|Any CPU.Build.0 = Release|Any CPU
		{8E24A9EF-BB41-4B77-80E8-3397F1D395C3}.Debug|Any CPU.ActiveCfg = Debug|Any CPU
		{8E24A9EF-BB41-4B77-80E8-3397F1D395C3}.Debug|Any CPU.Build.0 = Debug|Any CPU
		{8E24A9EF-BB41-4B77-80E8-3397F1D395C3}.Release|Any CPU.ActiveCfg = Release|Any CPU
		{8E24A9EF-BB41-4B77-80E8-3397F1D395C3}.Release|Any CPU.Build.0 = Release|Any CPU
		{3241A558-94C1-4682-9460-07775D2D2CE5}.Debug|Any CPU.ActiveCfg = Debug|Any CPU
		{3241A558-94C1-4682-9460-07775D2D2CE5}.Debug|Any CPU.Build.0 = Debug|Any CPU
		{3241A558-94C1-4682-9460-07775D2D2CE5}.Release|Any CPU.ActiveCfg = Release|Any CPU
		{3241A558-94C1-4682-9460-07775D2D2CE5}.Release|Any CPU.Build.0 = Release|Any CPU
	EndGlobalSection
	GlobalSection(SolutionProperties) = preSolution
		HideSolutionNode = FALSE
	EndGlobalSection
	GlobalSection(ExtensibilityGlobals) = postSolution
		SolutionGuid = {4C402F34-E5DE-4F6D-B36E-017D3394E69F}
	EndGlobalSection
	GlobalSection(NestedProjects) = preSolution
		{3A33EB0E-94FC-48D3-8391-0590B1A644C6} = {7B3D1ED0-3BCE-486C-8BE6-B1630FAF2380}
		{CF1D7A3C-E497-43D4-9DA5-A01B9621D133} = {7B3D1ED0-3BCE-486C-8BE6-B1630FAF2380}
		{8E24A9EF-BB41-4B77-80E8-3397F1D395C3} = {7B3D1ED0-3BCE-486C-8BE6-B1630FAF2380}
		{3241A558-94C1-4682-9460-07775D2D2CE5} = {7B3D1ED0-3BCE-486C-8BE6-B1630FAF2380}
	EndGlobalSection
EndGlobal
